
Microsoft Visual Studio Solution File, Format Version 12.00
# Visual Studio Version 16
VisualStudioVersion = 16.0.30517.126
MinimumVisualStudioVersion = 10.0.40219.1
Project("{9A19103F-16F7-4668-BE54-9A1E7A4F7556}") = "Hotel.Management.Tool.Api", "Hotel-Management-Tool\Hotel.Management.Tool.Api.csproj", "{300579F6-CF07-4E89-89AD-6B476745F0FD}"
EndProject
Project("{FAE04EC0-301F-11D3-BF4B-00C04F79EFBC}") = "Hotel.Management.Tool.Migrations", "Hotel.Management.Tool.Migrations\Hotel.Management.Tool.Migrations.csproj", "{ED5F390F-AAB6-4447-B6B7-0CE0EC69EB6E}"
EndProject
Global
	GlobalSection(SolutionConfigurationPlatforms) = preSolution
		Debug|Any CPU = Debug|Any CPU
		Release|Any CPU = Release|Any CPU
	EndGlobalSection
	GlobalSection(ProjectConfigurationPlatforms) = postSolution
		{300579F6-CF07-4E89-89AD-6B476745F0FD}.Debug|Any CPU.ActiveCfg = Debug|Any CPU
		{300579F6-CF07-4E89-89AD-6B476745F0FD}.Debug|Any CPU.Build.0 = Debug|Any CPU
		{300579F6-CF07-4E89-89AD-6B476745F0FD}.Release|Any CPU.ActiveCfg = Release|Any CPU
		{300579F6-CF07-4E89-89AD-6B476745F0FD}.Release|Any CPU.Build.0 = Release|Any CPU
		{ED5F390F-AAB6-4447-B6B7-0CE0EC69EB6E}.Debug|Any CPU.ActiveCfg = Debug|Any CPU
		{ED5F390F-AAB6-4447-B6B7-0CE0EC69EB6E}.Debug|Any CPU.Build.0 = Debug|Any CPU
		{ED5F390F-AAB6-4447-B6B7-0CE0EC69EB6E}.Release|Any CPU.ActiveCfg = Release|Any CPU
		{ED5F390F-AAB6-4447-B6B7-0CE0EC69EB6E}.Release|Any CPU.Build.0 = Release|Any CPU
	EndGlobalSection
	GlobalSection(SolutionProperties) = preSolution
		HideSolutionNode = FALSE
	EndGlobalSection
	GlobalSection(ExtensibilityGlobals) = postSolution
		SolutionGuid = {6D788489-E25D-42AB-B0CD-30BFB2DED38C}
	EndGlobalSection
EndGlobal
